
Microsoft Visual Studio Solution File, Format Version 12.00
# Visual Studio 14
VisualStudioVersion = 14.0.24720.0
MinimumVisualStudioVersion = 10.0.40219.1
Project("{FAE04EC0-301F-11D3-BF4B-00C04F79EFBC}") = "XtraEditorsBinding", "XtraEditorsBinding\XtraEditorsBinding.csproj", "{35CBE759-314A-477A-8CD6-CD23A1210D40}"
EndProject
Project("{FAE04EC0-301F-11D3-BF4B-00C04F79EFBC}") = "XtraEditorsBindingSample", "XtraEditorsBindingSample\XtraEditorsBindingSample.csproj", "{CA969AC2-E86F-4B7B-BF16-C3FCE8820677}"
EndProject
Global
	GlobalSection(SolutionConfigurationPlatforms) = preSolution
		Debug|Any CPU = Debug|Any CPU
		Release|Any CPU = Release|Any CPU
	EndGlobalSection
	GlobalSection(ProjectConfigurationPlatforms) = postSolution
		{35CBE759-314A-477A-8CD6-CD23A1210D40}.Debug|Any CPU.ActiveCfg = Debug|Any CPU
		{35CBE759-314A-477A-8CD6-CD23A1210D40}.Debug|Any CPU.Build.0 = Debug|Any CPU
		{35CBE759-314A-477A-8CD6-CD23A1210D40}.Release|Any CPU.ActiveCfg = Release|Any CPU
		{35CBE759-314A-477A-8CD6-CD23A1210D40}.Release|Any CPU.Build.0 = Release|Any CPU
		{CA969AC2-E86F-4B7B-BF16-C3FCE8820677}.Debug|Any CPU.ActiveCfg = Debug|Any CPU
		{CA969AC2-E86F-4B7B-BF16-C3FCE8820677}.Debug|Any CPU.Build.0 = Debug|Any CPU
		{CA969AC2-E86F-4B7B-BF16-C3FCE8820677}.Release|Any CPU.ActiveCfg = Release|Any CPU
		{CA969AC2-E86F-4B7B-BF16-C3FCE8820677}.Release|Any CPU.Build.0 = Release|Any CPU
	EndGlobalSection
	GlobalSection(SolutionProperties) = preSolution
		HideSolutionNode = FALSE
	EndGlobalSection
EndGlobal
